
Microsoft Visual Studio Solution File, Format Version 12.00
# Visual Studio Version 17
VisualStudioVersion = 17.7.34024.191
MinimumVisualStudioVersion = 10.0.40219.1
Project("{FAE04EC0-301F-11D3-BF4B-00C04F79EFBC}") = "NoteTakingApp", "NoteTakingApp\NoteTakingApp.csproj", "{4A777833-E259-4F65-80D6-7BC4ADC9EE82}"
EndProject
Global
	GlobalSection(SolutionConfigurationPlatforms) = preSolution
		Debug|Any CPU = Debug|Any CPU
		Release|Any CPU = Release|Any CPU
	EndGlobalSection
	GlobalSection(ProjectConfigurationPlatforms) = postSolution
		{4A777833-E259-4F65-80D6-7BC4ADC9EE82}.Debug|Any CPU.ActiveCfg = Debug|Any CPU
		{4A777833-E259-4F65-80D6-7BC4ADC9EE82}.Debug|Any CPU.Build.0 = Debug|Any CPU
		{4A777833-E259-4F65-80D6-7BC4ADC9EE82}.Release|Any CPU.ActiveCfg = Release|Any CPU
		{4A777833-E259-4F65-80D6-7BC4ADC9EE82}.Release|Any CPU.Build.0 = Release|Any CPU
	EndGlobalSection
	GlobalSection(SolutionProperties) = preSolution
		HideSolutionNode = FALSE
	EndGlobalSection
	GlobalSection(ExtensibilityGlobals) = postSolution
		SolutionGuid = {ECE5AFFD-F4E8-4D72-86CF-77DA2A7936BD}
	EndGlobalSection
EndGlobal
